
Microsoft Visual Studio Solution File, Format Version 12.00
# Visual Studio Version 16
VisualStudioVersion = 16.0.28803.352
MinimumVisualStudioVersion = 10.0.40219.1
Project("{9A19103F-16F7-4668-BE54-9A1E7A4F7556}") = "App2.Backend", "App2.Backend.csproj", "{CF72BC4A-0564-4DAC-B316-D582932D93DA}"
EndProject
Global
	GlobalSection(SolutionConfigurationPlatforms) = preSolution
		Debug|Any CPU = Debug|Any CPU
		Release|Any CPU = Release|Any CPU
	EndGlobalSection
	GlobalSection(ProjectConfigurationPlatforms) = postSolution
		{CF72BC4A-0564-4DAC-B316-D582932D93DA}.Debug|Any CPU.ActiveCfg = Debug|Any CPU
		{CF72BC4A-0564-4DAC-B316-D582932D93DA}.Debug|Any CPU.Build.0 = Debug|Any CPU
		{CF72BC4A-0564-4DAC-B316-D582932D93DA}.Release|Any CPU.ActiveCfg = Release|Any CPU
		{CF72BC4A-0564-4DAC-B316-D582932D93DA}.Release|Any CPU.Build.0 = Release|Any CPU
	EndGlobalSection
	GlobalSection(SolutionProperties) = preSolution
		HideSolutionNode = FALSE
	EndGlobalSection
	GlobalSection(ExtensibilityGlobals) = postSolution
		SolutionGuid = {14FBD4B3-F808-4C2C-98CA-655DB122E1C1}
	EndGlobalSection
EndGlobal
